// !$*UTF8*$!
{
	archiveVersion = 1;
	classes = {
	};
	objectVersion = 55;
	objects = {

/* Begin PBXBuildFile section */
		97EC8EAC28A237A100FAC83E /* AppDelegate.swift in Sources */ = {isa = PBXBuildFile; fileRef = 97EC8EAB28A237A100FAC83E /* AppDelegate.swift */; };
		97EC8EAE28A237A100FAC83E /* SceneDelegate.swift in Sources */ = {isa = PBXBuildFile; fileRef = 97EC8EAD28A237A100FAC83E /* SceneDelegate.swift */; };
		97EC8EB028A237A100FAC83E /* ViewController.swift in Sources */ = {isa = PBXBuildFile; fileRef = 97EC8EAF28A237A100FAC83E /* ViewController.swift */; };
		97EC8EB328A237A100FAC83E /* Main.storyboard in Resources */ = {isa = PBXBuildFile; fileRef = 97EC8EB128A237A100FAC83E /* Main.storyboard */; };
		97EC8EB528A237A200FAC83E /* Assets.xcassets in Resources */ = {isa = PBXBuildFile; fileRef = 97EC8EB428A237A200FAC83E /* Assets.xcassets */; };
		97EC8EB828A237A200FAC83E /* LaunchScreen.storyboard in Resources */ = {isa = PBXBuildFile; fileRef = 97EC8EB628A237A200FAC83E /* LaunchScreen.storyboard */; };
		97EC8EC328A237A200FAC83E /* renamingTests.swift in Sources */ = {isa = PBXBuildFile; fileRef = 97EC8EC228A237A200FAC83E /* renamingTests.swift */; };
		97EC8ECD28A237A200FAC83E /* renamingUITests.swift in Sources */ = {isa = PBXBuildFile; fileRef = 97EC8ECC28A237A200FAC83E /* renamingUITests.swift */; };
		97EC8ECF28A237A200FAC83E /* renamingUITestsLaunchTests.swift in Sources */ = {isa = PBXBuildFile; fileRef = 97EC8ECE28A237A200FAC83E /* renamingUITestsLaunchTests.swift */; };
/* End PBXBuildFile section */

/* Begin PBXContainerItemProxy section */
		97EC8EBF28A237A200FAC83E /* PBXContainerItemProxy */ = {
			isa = PBXContainerItemProxy;
			containerPortal = 97EC8EA028A237A100FAC83E /* Project object */;
			proxyType = 1;
			remoteGlobalIDString = 97EC8EA728A237A100FAC83E;
			remoteInfo = renaming;
		};
		97EC8EC928A237A200FAC83E /* PBXContainerItemProxy */ = {
			isa = PBXContainerItemProxy;
			containerPortal = 97EC8EA028A237A100FAC83E /* Project object */;
			proxyType = 1;
			remoteGlobalIDString = 97EC8EA728A237A100FAC83E;
			remoteInfo = renaming;
		};
/* End PBXContainerItemProxy section */

/* Begin PBXFileReference section */
		97EC8EA828A237A100FAC83E /* renaming.app */ = {isa = PBXFileReference; explicitFileType = wrapper.application; includeInIndex = 0; path = renaming.app; sourceTree = BUILT_PRODUCTS_DIR; };
		97EC8EAB28A237A100FAC83E /* AppDelegate.swift */ = {isa = PBXFileReference; lastKnownFileType = sourcecode.swift; path = AppDelegate.swift; sourceTree = "<group>"; };
		97EC8EAD28A237A100FAC83E /* SceneDelegate.swift */ = {isa = PBXFileReference; lastKnownFileType = sourcecode.swift; path = SceneDelegate.swift; sourceTree = "<group>"; };
		97EC8EAF28A237A100FAC83E /* ViewController.swift */ = {isa = PBXFileReference; lastKnownFileType = sourcecode.swift; path = ViewController.swift; sourceTree = "<group>"; };
		97EC8EB228A237A100FAC83E /* Base */ = {isa = PBXFileReference; lastKnownFileType = file.storyboard; name = Base; path = Base.lproj/Main.storyboard; sourceTree = "<group>"; };
		97EC8EB428A237A200FAC83E /* Assets.xcassets */ = {isa = PBXFileReference; lastKnownFileType = folder.assetcatalog; path = Assets.xcassets; sourceTree = "<group>"; };
		97EC8EB728A237A200FAC83E /* Base */ = {isa = PBXFileReference; lastKnownFileType = file.storyboard; name = Base; path = Base.lproj/LaunchScreen.storyboard; sourceTree = "<group>"; };
		97EC8EB928A237A200FAC83E /* Info.plist */ = {isa = PBXFileReference; lastKnownFileType = text.plist.xml; path = Info.plist; sourceTree = "<group>"; };
		97EC8EBE28A237A200FAC83E /* renamingTests.xctest */ = {isa = PBXFileReference; explicitFileType = wrapper.cfbundle; includeInIndex = 0; path = renamingTests.xctest; sourceTree = BUILT_PRODUCTS_DIR; };
		97EC8EC228A237A200FAC83E /* renamingTests.swift */ = {isa = PBXFileReference; lastKnownFileType = sourcecode.swift; path = renamingTests.swift; sourceTree = "<group>"; };
		97EC8EC828A237A200FAC83E /* renamingUITests.xctest */ = {isa = PBXFileReference; explicitFileType = wrapper.cfbundle; includeInIndex = 0; path = renamingUITests.xctest; sourceTree = BUILT_PRODUCTS_DIR; };
		97EC8ECC28A237A200FAC83E /* renamingUITests.swift */ = {isa = PBXFileReference; lastKnownFileType = sourcecode.swift; path = renamingUITests.swift; sourceTree = "<group>"; };
		97EC8ECE28A237A200FAC83E /* renamingUITestsLaunchTests.swift */ = {isa = PBXFileReference; lastKnownFileType = sourcecode.swift; path = renamingUITestsLaunchTests.swift; sourceTree = "<group>"; };
/* End PBXFileReference section */

/* Begin PBXFrameworksBuildPhase section */
		97EC8EA528A237A100FAC83E /* Frameworks */ = {
			isa = PBXFrameworksBuildPhase;
			buildActionMask = 2147483647;
			files = (
			);
			runOnlyForDeploymentPostprocessing = 0;
		};
		97EC8EBB28A237A200FAC83E /* Frameworks */ = {
			isa = PBXFrameworksBuildPhase;
			buildActionMask = 2147483647;
			files = (
			);
			runOnlyForDeploymentPostprocessing = 0;
		};
		97EC8EC528A237A200FAC83E /* Frameworks */ = {
			isa = PBXFrameworksBuildPhase;
			buildActionMask = 2147483647;
			files = (
			);
			runOnlyForDeploymentPostprocessing = 0;
		};
/* End PBXFrameworksBuildPhase section */

/* Begin PBXGroup section */
		97EC8E9F28A237A100FAC83E = {
			isa = PBXGroup;
			children = (
				97EC8EAA28A237A100FAC83E /* renaming */,
				97EC8EC128A237A200FAC83E /* renamingTests */,
				97EC8ECB28A237A200FAC83E /* renamingUITests */,
				97EC8EA928A237A100FAC83E /* Products */,
			);
			sourceTree = "<group>";
		};
		97EC8EA928A237A100FAC83E /* Products */ = {
			isa = PBXGroup;
			children = (
				97EC8EA828A237A100FAC83E /* renaming.app */,
				97EC8EBE28A237A200FAC83E /* renamingTests.xctest */,
				97EC8EC828A237A200FAC83E /* renamingUITests.xctest */,
			);
			name = Products;
			sourceTree = "<group>";
		};
		97EC8EAA28A237A100FAC83E /* renaming */ = {
			isa = PBXGroup;
			children = (
				97EC8EAB28A237A100FAC83E /* AppDelegate.swift */,
				97EC8EAD28A237A100FAC83E /* SceneDelegate.swift */,
				97EC8EAF28A237A100FAC83E /* ViewController.swift */,
				97EC8EB128A237A100FAC83E /* Main.storyboard */,
				97EC8EB428A237A200FAC83E /* Assets.xcassets */,
				97EC8EB628A237A200FAC83E /* LaunchScreen.storyboard */,
				97EC8EB928A237A200FAC83E /* Info.plist */,
			);
			path = renaming;
			sourceTree = "<group>";
		};
		97EC8EC128A237A200FAC83E /* renamingTests */ = {
			isa = PBXGroup;
			children = (
				97EC8EC228A237A200FAC83E /* renamingTests.swift */,
			);
			path = renamingTests;
			sourceTree = "<group>";
		};
		97EC8ECB28A237A200FAC83E /* renamingUITests */ = {
			isa = PBXGroup;
			children = (
				97EC8ECC28A237A200FAC83E /* renamingUITests.swift */,
				97EC8ECE28A237A200FAC83E /* renamingUITestsLaunchTests.swift */,
			);
			path = renamingUITests;
			sourceTree = "<group>";
		};
/* End PBXGroup section */

/* Begin PBXNativeTarget section */
		97EC8EA728A237A100FAC83E /* renaming */ = {
			isa = PBXNativeTarget;
			buildConfigurationList = 97EC8ED228A237A200FAC83E /* Build configuration list for PBXNativeTarget "renaming" */;
			buildPhases = (
				97EC8EA428A237A100FAC83E /* Sources */,
				97EC8EA528A237A100FAC83E /* Frameworks */,
				97EC8EA628A237A100FAC83E /* Resources */,
			);
			buildRules = (
			);
			dependencies = (
			);
			name = renaming;
			productName = renaming;
			productReference = 97EC8EA828A237A100FAC83E /* renaming.app */;
			productType = "com.apple.product-type.application";
		};
		97EC8EBD28A237A200FAC83E /* renamingTests */ = {
			isa = PBXNativeTarget;
			buildConfigurationList = 97EC8ED528A237A200FAC83E /* Build configuration list for PBXNativeTarget "renamingTests" */;
			buildPhases = (
				97EC8EBA28A237A200FAC83E /* Sources */,
				97EC8EBB28A237A200FAC83E /* Frameworks */,
				97EC8EBC28A237A200FAC83E /* Resources */,
			);
			buildRules = (
			);
			dependencies = (
				97EC8EC028A237A200FAC83E /* PBXTargetDependency */,
			);
			name = renamingTests;
			productName = renamingTests;
			productReference = 97EC8EBE28A237A200FAC83E /* renamingTests.xctest */;
			productType = "com.apple.product-type.bundle.unit-test";
		};
		97EC8EC728A237A200FAC83E /* renamingUITests */ = {
			isa = PBXNativeTarget;
			buildConfigurationList = 97EC8ED828A237A200FAC83E /* Build configuration list for PBXNativeTarget "renamingUITests" */;
			buildPhases = (
				97EC8EC428A237A200FAC83E /* Sources */,
				97EC8EC528A237A200FAC83E /* Frameworks */,
				97EC8EC628A237A200FAC83E /* Resources */,
			);
			buildRules = (
			);
			dependencies = (
				97EC8ECA28A237A200FAC83E /* PBXTargetDependency */,
			);
			name = renamingUITests;
			productName = renamingUITests;
			productReference = 97EC8EC828A237A200FAC83E /* renamingUITests.xctest */;
			productType = "com.apple.product-type.bundle.ui-testing";
		};
/* End PBXNativeTarget section */

/* Begin PBXProject section */
		97EC8EA028A237A100FAC83E /* Project object */ = {
			isa = PBXProject;
			attributes = {
				BuildIndependentTargetsInParallel = 1;
				LastSwiftUpdateCheck = 1340;
				LastUpgradeCheck = 1340;
				TargetAttributes = {
					97EC8EA728A237A100FAC83E = {
						CreatedOnToolsVersion = 13.4.1;
					};
					97EC8EBD28A237A200FAC83E = {
						CreatedOnToolsVersion = 13.4.1;
						TestTargetID = 97EC8EA728A237A100FAC83E;
					};
					97EC8EC728A237A200FAC83E = {
						CreatedOnToolsVersion = 13.4.1;
						TestTargetID = 97EC8EA728A237A100FAC83E;
					};
				};
			};
			buildConfigurationList = 97EC8EA328A237A100FAC83E /* Build configuration list for PBXProject "renaming" */;
			compatibilityVersion = "Xcode 13.0";
			developmentRegion = en;
			hasScannedForEncodings = 0;
			knownRegions = (
				en,
				Base,
			);
			mainGroup = 97EC8E9F28A237A100FAC83E;
			productRefGroup = 97EC8EA928A237A100FAC83E /* Products */;
			projectDirPath = "";
			projectRoot = "";
			targets = (
				97EC8EA728A237A100FAC83E /* renaming */,
				97EC8EBD28A237A200FAC83E /* renamingTests */,
				97EC8EC728A237A200FAC83E /* renamingUITests */,
			);
		};
/* End PBXProject section */

/* Begin PBXResourcesBuildPhase section */
		97EC8EA628A237A100FAC83E /* Resources */ = {
			isa = PBXResourcesBuildPhase;
			buildActionMask = 2147483647;
			files = (
				97EC8EB828A237A200FAC83E /* LaunchScreen.storyboard in Resources */,
				97EC8EB528A237A200FAC83E /* Assets.xcassets in Resources */,
				97EC8EB328A237A100FAC83E /* Main.storyboard in Resources */,
			);
			runOnlyForDeploymentPostprocessing = 0;
		};
		97EC8EBC28A237A200FAC83E /* Resources */ = {
			isa = PBXResourcesBuildPhase;
			buildActionMask = 2147483647;
			files = (
			);
			runOnlyForDeploymentPostprocessing = 0;
		};
		97EC8EC628A237A200FAC83E /* Resources */ = {
			isa = PBXResourcesBuildPhase;
			buildActionMask = 2147483647;
			files = (
			);
			runOnlyForDeploymentPostprocessing = 0;
		};
/* End PBXResourcesBuildPhase section */

/* Begin PBXSourcesBuildPhase section */
		97EC8EA428A237A100FAC83E /* Sources */ = {
			isa = PBXSourcesBuildPhase;
			buildActionMask = 2147483647;
			files = (
				97EC8EB028A237A100FAC83E /* ViewController.swift in Sources */,
				97EC8EAC28A237A100FAC83E /* AppDelegate.swift in Sources */,
				97EC8EAE28A237A100FAC83E /* SceneDelegate.swift in Sources */,
			);
			runOnlyForDeploymentPostprocessing = 0;
		};
		97EC8EBA28A237A200FAC83E /* Sources */ = {
			isa = PBXSourcesBuildPhase;
			buildActionMask = 2147483647;
			files = (
				97EC8EC328A237A200FAC83E /* renamingTests.swift in Sources */,
			);
			runOnlyForDeploymentPostprocessing = 0;
		};
		97EC8EC428A237A200FAC83E /* Sources */ = {
			isa = PBXSourcesBuildPhase;
			buildActionMask = 2147483647;
			files = (
				97EC8ECF28A237A200FAC83E /* renamingUITestsLaunchTests.swift in Sources */,
				97EC8ECD28A237A200FAC83E /* renamingUITests.swift in Sources */,
			);
			runOnlyForDeploymentPostprocessing = 0;
		};
/* End PBXSourcesBuildPhase section */

/* Begin PBXTargetDependency section */
		97EC8EC028A237A200FAC83E /* PBXTargetDependency */ = {
			isa = PBXTargetDependency;
			target = 97EC8EA728A237A100FAC83E /* renaming */;
			targetProxy = 97EC8EBF28A237A200FAC83E /* PBXContainerItemProxy */;
		};
		97EC8ECA28A237A200FAC83E /* PBXTargetDependency */ = {
			isa = PBXTargetDependency;
			target = 97EC8EA728A237A100FAC83E /* renaming */;
			targetProxy = 97EC8EC928A237A200FAC83E /* PBXContainerItemProxy */;
		};
/* End PBXTargetDependency section */

/* Begin PBXVariantGroup section */
		97EC8EB128A237A100FAC83E /* Main.storyboard */ = {
			isa = PBXVariantGroup;
			children = (
				97EC8EB228A237A100FAC83E /* Base */,
			);
			name = Main.storyboard;
			sourceTree = "<group>";
		};
		97EC8EB628A237A200FAC83E /* LaunchScreen.storyboard */ = {
			isa = PBXVariantGroup;
			children = (
				97EC8EB728A237A200FAC83E /* Base */,
			);
			name = LaunchScreen.storyboard;
			sourceTree = "<group>";
		};
/* End PBXVariantGroup section */

/* Begin XCBuildConfiguration section */
		97EC8ED028A237A200FAC83E /* Debug */ = {
			isa = XCBuildConfiguration;
			buildSettings = {
				ALWAYS_SEARCH_USER_PATHS = NO;
				CLANG_ANALYZER_NONNULL = YES;
				CLANG_ANALYZER_NUMBER_OBJECT_CONVERSION = YES_AGGRESSIVE;
				CLANG_CXX_LANGUAGE_STANDARD = "gnu++17";
				CLANG_ENABLE_MODULES = YES;
				CLANG_ENABLE_OBJC_ARC = YES;
				CLANG_ENABLE_OBJC_WEAK = YES;
				CLANG_WARN_BLOCK_CAPTURE_AUTORELEASING = YES;
				CLANG_WARN_BOOL_CONVERSION = YES;
				CLANG_WARN_COMMA = YES;
				CLANG_WARN_CONSTANT_CONVERSION = YES;
				CLANG_WARN_DEPRECATED_OBJC_IMPLEMENTATIONS = YES;
				CLANG_WARN_DIRECT_OBJC_ISA_USAGE = YES_ERROR;
				CLANG_WARN_DOCUMENTATION_COMMENTS = YES;
				CLANG_WARN_EMPTY_BODY = YES;
				CLANG_WARN_ENUM_CONVERSION = YES;
				CLANG_WARN_INFINITE_RECURSION = YES;
				CLANG_WARN_INT_CONVERSION = YES;
				CLANG_WARN_NON_LITERAL_NULL_CONVERSION = YES;
				CLANG_WARN_OBJC_IMPLICIT_RETAIN_SELF = YES;
				CLANG_WARN_OBJC_LITERAL_CONVERSION = YES;
				CLANG_WARN_OBJC_ROOT_CLASS = YES_ERROR;
				CLANG_WARN_QUOTED_INCLUDE_IN_FRAMEWORK_HEADER = YES;
				CLANG_WARN_RANGE_LOOP_ANALYSIS = YES;
				CLANG_WARN_STRICT_PROTOTYPES = YES;
				CLANG_WARN_SUSPICIOUS_MOVE = YES;
				CLANG_WARN_UNGUARDED_AVAILABILITY = YES_AGGRESSIVE;
				CLANG_WARN_UNREACHABLE_CODE = YES;
				CLANG_WARN__DUPLICATE_METHOD_MATCH = YES;
				COPY_PHASE_STRIP = NO;
				DEBUG_INFORMATION_FORMAT = dwarf;
				ENABLE_STRICT_OBJC_MSGSEND = YES;
				ENABLE_TESTABILITY = YES;
				GCC_C_LANGUAGE_STANDARD = gnu11;
				GCC_DYNAMIC_NO_PIC = NO;
				GCC_NO_COMMON_BLOCKS = YES;
				GCC_OPTIMIZATION_LEVEL = 0;
				GCC_PREPROCESSOR_DEFINITIONS = (
					"DEBUG=1",
					"$(inherited)",
				);
				GCC_WARN_64_TO_32_BIT_CONVERSION = YES;
				GCC_WARN_ABOUT_RETURN_TYPE = YES_ERROR;
				GCC_WARN_UNDECLARED_SELECTOR = YES;
				GCC_WARN_UNINITIALIZED_AUTOS = YES_AGGRESSIVE;
				GCC_WARN_UNUSED_FUNCTION = YES;
				GCC_WARN_UNUSED_VARIABLE = YES;
				IPHONEOS_DEPLOYMENT_TARGET = 15.5;
				MTL_ENABLE_DEBUG_INFO = INCLUDE_SOURCE;
				MTL_FAST_MATH = YES;
				ONLY_ACTIVE_ARCH = YES;
				SDKROOT = iphoneos;
				SWIFT_ACTIVE_COMPILATION_CONDITIONS = DEBUG;
				SWIFT_OPTIMIZATION_LEVEL = "-Onone";
			};
			name = Debug;
		};
		97EC8ED128A237A200FAC83E /* Release */ = {
			isa = XCBuildConfiguration;
			buildSettings = {
				ALWAYS_SEARCH_USER_PATHS = NO;
				CLANG_ANALYZER_NONNULL = YES;
				CLANG_ANALYZER_NUMBER_OBJECT_CONVERSION = YES_AGGRESSIVE;
				CLANG_CXX_LANGUAGE_STANDARD = "gnu++17";
				CLANG_ENABLE_MODULES = YES;
				CLANG_ENABLE_OBJC_ARC = YES;
				CLANG_ENABLE_OBJC_WEAK = YES;
				CLANG_WARN_BLOCK_CAPTURE_AUTORELEASING = YES;
				CLANG_WARN_BOOL_CONVERSION = YES;
				CLANG_WARN_COMMA = YES;
				CLANG_WARN_CONSTANT_CONVERSION = YES;
				CLANG_WARN_DEPRECATED_OBJC_IMPLEMENTATIONS = YES;
				CLANG_WARN_DIRECT_OBJC_ISA_USAGE = YES_ERROR;
				CLANG_WARN_DOCUMENTATION_COMMENTS = YES;
				CLANG_WARN_EMPTY_BODY = YES;
				CLANG_WARN_ENUM_CONVERSION = YES;
				CLANG_WARN_INFINITE_RECURSION = YES;
				CLANG_WARN_INT_CONVERSION = YES;
				CLANG_WARN_NON_LITERAL_NULL_CONVERSION = YES;
				CLANG_WARN_OBJC_IMPLICIT_RETAIN_SELF = YES;
				CLANG_WARN_OBJC_LITERAL_CONVERSION = YES;
				CLANG_WARN_OBJC_ROOT_CLASS = YES_ERROR;
				CLANG_WARN_QUOTED_INCLUDE_IN_FRAMEWORK_HEADER = YES;
				CLANG_WARN_RANGE_LOOP_ANALYSIS = YES;
				CLANG_WARN_STRICT_PROTOTYPES = YES;
				CLANG_WARN_SUSPICIOUS_MOVE = YES;
				CLANG_WARN_UNGUARDED_AVAILABILITY = YES_AGGRESSIVE;
				CLANG_WARN_UNREACHABLE_CODE = YES;
				CLANG_WARN__DUPLICATE_METHOD_MATCH = YES;
				COPY_PHASE_STRIP = NO;
				DEBUG_INFORMATION_FORMAT = "dwarf-with-dsym";
				ENABLE_NS_ASSERTIONS = NO;
				ENABLE_STRICT_OBJC_MSGSEND = YES;
				GCC_C_LANGUAGE_STANDARD = gnu11;
				GCC_NO_COMMON_BLOCKS = YES;
				GCC_WARN_64_TO_32_BIT_CONVERSION = YES;
				GCC_WARN_ABOUT_RETURN_TYPE = YES_ERROR;
				GCC_WARN_UNDECLARED_SELECTOR = YES;
				GCC_WARN_UNINITIALIZED_AUTOS = YES_AGGRESSIVE;
				GCC_WARN_UNUSED_FUNCTION = YES;
				GCC_WARN_UNUSED_VARIABLE = YES;
				IPHONEOS_DEPLOYMENT_TARGET = 15.5;
				MTL_ENABLE_DEBUG_INFO = NO;
				MTL_FAST_MATH = YES;
				SDKROOT = iphoneos;
				SWIFT_COMPILATION_MODE = wholemodule;
				SWIFT_OPTIMIZATION_LEVEL = "-O";
				VALIDATE_PRODUCT = YES;
			};
			name = Release;
		};
		97EC8ED328A237A200FAC83E /* Debug */ = {
			isa = XCBuildConfiguration;
			buildSettings = {
				ASSETCATALOG_COMPILER_APPICON_NAME = AppIcon;
				ASSETCATALOG_COMPILER_GLOBAL_ACCENT_COLOR_NAME = AccentColor;
				CODE_SIGN_STYLE = Automatic;
				CURRENT_PROJECT_VERSION = 1;
				GENERATE_INFOPLIST_FILE = YES;
				INFOPLIST_FILE = renaming/Info.plist;
				INFOPLIST_KEY_UIApplicationSupportsIndirectInputEvents = YES;
				INFOPLIST_KEY_UILaunchStoryboardName = LaunchScreen;
				INFOPLIST_KEY_UIMainStoryboardFile = Main;
				INFOPLIST_KEY_UISupportedInterfaceOrientations_iPad = "UIInterfaceOrientationPortrait UIInterfaceOrientationPortraitUpsideDown UIInterfaceOrientationLandscapeLeft UIInterfaceOrientationLandscapeRight";
				INFOPLIST_KEY_UISupportedInterfaceOrientations_iPhone = "UIInterfaceOrientationPortrait UIInterfaceOrientationLandscapeLeft UIInterfaceOrientationLandscapeRight";
				LD_RUNPATH_SEARCH_PATHS = (
					"$(inherited)",
					"@executable_path/Frameworks",
				);
				MARKETING_VERSION = 1.0;
				PRODUCT_BUNDLE_IDENTIFIER = asdasd.renaming;
				PRODUCT_NAME = "$(TARGET_NAME)";
				SWIFT_EMIT_LOC_STRINGS = YES;
				SWIFT_VERSION = 5.0;
				TARGETED_DEVICE_FAMILY = "1,2";
			};
			name = Debug;
		};
		97EC8ED428A237A200FAC83E /* Release */ = {
			isa = XCBuildConfiguration;
			buildSettings = {
				ASSETCATALOG_COMPILER_APPICON_NAME = AppIcon;
				ASSETCATALOG_COMPILER_GLOBAL_ACCENT_COLOR_NAME = AccentColor;
				CODE_SIGN_STYLE = Automatic;
				CURRENT_PROJECT_VERSION = 1;
				GENERATE_INFOPLIST_FILE = YES;
				INFOPLIST_FILE = renaming/Info.plist;
				INFOPLIST_KEY_UIApplicationSupportsIndirectInputEvents = YES;
				INFOPLIST_KEY_UILaunchStoryboardName = LaunchScreen;
				INFOPLIST_KEY_UIMainStoryboardFile = Main;
				INFOPLIST_KEY_UISupportedInterfaceOrientations_iPad = "UIInterfaceOrientationPortrait UIInterfaceOrientationPortraitUpsideDown UIInterfaceOrientationLandscapeLeft UIInterfaceOrientationLandscapeRight";
				INFOPLIST_KEY_UISupportedInterfaceOrientations_iPhone = "UIInterfaceOrientationPortrait UIInterfaceOrientationLandscapeLeft UIInterfaceOrientationLandscapeRight";
				LD_RUNPATH_SEARCH_PATHS = (
					"$(inherited)",
					"@executable_path/Frameworks",
				);
				MARKETING_VERSION = 1.0;
				PRODUCT_BUNDLE_IDENTIFIER = asdasd.renaming;
				PRODUCT_NAME = "$(TARGET_NAME)";
				SWIFT_EMIT_LOC_STRINGS = YES;
				SWIFT_VERSION = 5.0;
				TARGETED_DEVICE_FAMILY = "1,2";
			};
			name = Release;
		};
		97EC8ED628A237A200FAC83E /* Debug */ = {
			isa = XCBuildConfiguration;
			buildSettings = {
				ALWAYS_EMBED_SWIFT_STANDARD_LIBRARIES = YES;
				BUNDLE_LOADER = "$(TEST_HOST)";
				CODE_SIGN_STYLE = Automatic;
				CURRENT_PROJECT_VERSION = 1;
				GENERATE_INFOPLIST_FILE = YES;
				IPHONEOS_DEPLOYMENT_TARGET = 15.5;
				MARKETING_VERSION = 1.0;
				PRODUCT_BUNDLE_IDENTIFIER = asdasd.renamingTests;
				PRODUCT_NAME = "$(TARGET_NAME)";
				SWIFT_EMIT_LOC_STRINGS = NO;
				SWIFT_VERSION = 5.0;
				TARGETED_DEVICE_FAMILY = "1,2";
				TEST_HOST = "$(BUILT_PRODUCTS_DIR)/renaming.app/renaming";
			};
			name = Debug;
		};
		97EC8ED728A237A200FAC83E /* Release */ = {
			isa = XCBuildConfiguration;
			buildSettings = {
				ALWAYS_EMBED_SWIFT_STANDARD_LIBRARIES = YES;
				BUNDLE_LOADER = "$(TEST_HOST)";
				CODE_SIGN_STYLE = Automatic;
				CURRENT_PROJECT_VERSION = 1;
				GENERATE_INFOPLIST_FILE = YES;
				IPHONEOS_DEPLOYMENT_TARGET = 15.5;
				MARKETING_VERSION = 1.0;
				PRODUCT_BUNDLE_IDENTIFIER = asdasd.renamingTests;
				PRODUCT_NAME = "$(TARGET_NAME)";
				SWIFT_EMIT_LOC_STRINGS = NO;
				SWIFT_VERSION = 5.0;
				TARGETED_DEVICE_FAMILY = "1,2";
				TEST_HOST = "$(BUILT_PRODUCTS_DIR)/renaming.app/renaming";
			};
			name = Release;
		};
		97EC8ED928A237A200FAC83E /* Debug */ = {
			isa = XCBuildConfiguration;
			buildSettings = {
				ALWAYS_EMBED_SWIFT_STANDARD_LIBRARIES = YES;
				CODE_SIGN_STYLE = Automatic;
				CURRENT_PROJECT_VERSION = 1;
				GENERATE_INFOPLIST_FILE = YES;
				MARKETING_VERSION = 1.0;
				PRODUCT_BUNDLE_IDENTIFIER = asdasd.renamingUITests;
				PRODUCT_NAME = "$(TARGET_NAME)";
				SWIFT_EMIT_LOC_STRINGS = NO;
				SWIFT_VERSION = 5.0;
				TARGETED_DEVICE_FAMILY = "1,2";
				TEST_TARGET_NAME = renaming;
			};
			name = Debug;
		};
		97EC8EDA28A237A200FAC83E /* Release */ = {
			isa = XCBuildConfiguration;
			buildSettings = {
				ALWAYS_EMBED_SWIFT_STANDARD_LIBRARIES = YES;
				CODE_SIGN_STYLE = Automatic;
				CURRENT_PROJECT_VERSION = 1;
				GENERATE_INFOPLIST_FILE = YES;
				MARKETING_VERSION = 1.0;
				PRODUCT_BUNDLE_IDENTIFIER = asdasd.renamingUITests;
				PRODUCT_NAME = "$(TARGET_NAME)";
				SWIFT_EMIT_LOC_STRINGS = NO;
				SWIFT_VERSION = 5.0;
				TARGETED_DEVICE_FAMILY = "1,2";
				TEST_TARGET_NAME = renaming;
			};
			name = Release;
		};
/* End XCBuildConfiguration section */

/* Begin XCConfigurationList section */
		97EC8EA328A237A100FAC83E /* Build configuration list for PBXProject "renaming" */ = {
			isa = XCConfigurationList;
			buildConfigurations = (
				97EC8ED028A237A200FAC83E /* Debug */,
				97EC8ED128A237A200FAC83E /* Release */,
			);
			defaultConfigurationIsVisible = 0;
			defaultConfigurationName = Release;
		};
		97EC8ED228A237A200FAC83E /* Build configuration list for PBXNativeTarget "renaming" */ = {
			isa = XCConfigurationList;
			buildConfigurations = (
				97EC8ED328A237A200FAC83E /* Debug */,
				97EC8ED428A237A200FAC83E /* Release */,
			);
			defaultConfigurationIsVisible = 0;
			defaultConfigurationName = Release;
		};
		97EC8ED528A237A200FAC83E /* Build configuration list for PBXNativeTarget "renamingTests" */ = {
			isa = XCConfigurationList;
			buildConfigurations = (
				97EC8ED628A237A200FAC83E /* Debug */,
				97EC8ED728A237A200FAC83E /* Release */,
			);
			defaultConfigurationIsVisible = 0;
			defaultConfigurationName = Release;
		};
		97EC8ED828A237A200FAC83E /* Build configuration list for PBXNativeTarget "renamingUITests" */ = {
			isa = XCConfigurationList;
			buildConfigurations = (
				97EC8ED928A237A200FAC83E /* Debug */,
				97EC8EDA28A237A200FAC83E /* Release */,
			);
			defaultConfigurationIsVisible = 0;
			defaultConfigurationName = Release;
		};
/* End XCConfigurationList section */
	};
	rootObject = 97EC8EA028A237A100FAC83E /* Project object */;
}
